
Microsoft Visual Studio Solution File, Format Version 12.00
# Visual Studio Version 16
VisualStudioVersion = 16.0.30523.141
MinimumVisualStudioVersion = 10.0.40219.1
Project("{FAE04EC0-301F-11D3-BF4B-00C04F79EFBC}") = "Robots_Inc", "Abstract_Robots\Robots_Inc.csproj", "{286D0033-41E2-4A29-8C7B-6CA553A8234B}"
EndProject
Global
	GlobalSection(SolutionConfigurationPlatforms) = preSolution
		Debug|Any CPU = Debug|Any CPU
		Release|Any CPU = Release|Any CPU
	EndGlobalSection
	GlobalSection(ProjectConfigurationPlatforms) = postSolution
		{286D0033-41E2-4A29-8C7B-6CA553A8234B}.Debug|Any CPU.ActiveCfg = Debug|Any CPU
		{286D0033-41E2-4A29-8C7B-6CA553A8234B}.Debug|Any CPU.Build.0 = Debug|Any CPU
		{286D0033-41E2-4A29-8C7B-6CA553A8234B}.Release|Any CPU.ActiveCfg = Release|Any CPU
		{286D0033-41E2-4A29-8C7B-6CA553A8234B}.Release|Any CPU.Build.0 = Release|Any CPU
	EndGlobalSection
	GlobalSection(SolutionProperties) = preSolution
		HideSolutionNode = FALSE
	EndGlobalSection
	GlobalSection(ExtensibilityGlobals) = postSolution
		SolutionGuid = {6092B36C-CE17-4E27-AD23-D2B094C8192B}
	EndGlobalSection
EndGlobal
